// !$*UTF8*$!
{
	archiveVersion = 1;
	classes = {
	};
	objectVersion = 77;
	objects = {

/* Begin PBXBuildFile section */
		460EA8222765660900D5E384 /* Background.swift in Sources */ = {isa = PBXBuildFile; fileRef = 460EA8212765660900D5E384 /* Background.swift */; };
		460EA82427657A1C00D5E384 /* AppSurface.swift in Sources */ = {isa = PBXBuildFile; fileRef = 460EA82327657A1C00D5E384 /* AppSurface.swift */; };
		460EA826276680BA00D5E384 /* AppText.swift in Sources */ = {isa = PBXBuildFile; fileRef = 460EA825276680BA00D5E384 /* AppText.swift */; };
		4624BE4C2756AF0400DCC43B /* Typography.swift in Sources */ = {isa = PBXBuildFile; fileRef = 4624BE4B2756AF0400DCC43B /* Typography.swift */; };
		4630ECC4273197ED0019BB4F /* AppDeepLink.swift in Sources */ = {isa = PBXBuildFile; fileRef = 4630ECC3273197ED0019BB4F /* AppDeepLink.swift */; };
		464180F227D0F02C0070F9F7 /* AppGroupedList.swift in Sources */ = {isa = PBXBuildFile; fileRef = 464180F127D0F02C0070F9F7 /* AppGroupedList.swift */; };
		464180F827D6769A0070F9F7 /* SDWebImageSwiftUI in Frameworks */ = {isa = PBXBuildFile; productRef = 464180F727D6769A0070F9F7 /* SDWebImageSwiftUI */; };
		464180FA27D677A40070F9F7 /* AppImage.swift in Sources */ = {isa = PBXBuildFile; fileRef = 464180F927D677A40070F9F7 /* AppImage.swift */; };
		464180FC27D6B6240070F9F7 /* Shape.swift in Sources */ = {isa = PBXBuildFile; fileRef = 464180FB27D6B6240070F9F7 /* Shape.swift */; };
		4642A9ED27256AD2005B31ED /* AppError.swift in Sources */ = {isa = PBXBuildFile; fileRef = 4642A9EC27256AD2005B31ED /* AppError.swift */; };
		4642A9F7272D50D0005B31ED /* AppAvatar.swift in Sources */ = {isa = PBXBuildFile; fileRef = 4642A9F6272D50D0005B31ED /* AppAvatar.swift */; };
		4642A9FA272D5175005B31ED /* LetterAvatarKit in Frameworks */ = {isa = PBXBuildFile; productRef = 4642A9F9272D5175005B31ED /* LetterAvatarKit */; };
		4642A9FC272D54DE005B31ED /* AppList.swift in Sources */ = {isa = PBXBuildFile; fileRef = 4642A9FB272D54DE005B31ED /* AppList.swift */; };
		4644B8DD276E4CD50067B224 /* AppScreen.swift in Sources */ = {isa = PBXBuildFile; fileRef = 4644B8DC276E4CD50067B224 /* AppScreen.swift */; };
		4644B8DF276F4F780067B224 /* AppNavigation.swift in Sources */ = {isa = PBXBuildFile; fileRef = 4644B8DE276F4F780067B224 /* AppNavigation.swift */; };
		4644B8E527850ECB0067B224 /* Introspect in Frameworks */ = {isa = PBXBuildFile; productRef = 4644B8E427850ECB0067B224 /* Introspect */; };
		4644B91B278529350067B224 /* CommonDesign.framework in Frameworks */ = {isa = PBXBuildFile; fileRef = 4644B91A278529350067B224 /* CommonDesign.framework */; };
		4644B91C278529350067B224 /* CommonDesign.framework in Embed Frameworks */ = {isa = PBXBuildFile; fileRef = 4644B91A278529350067B224 /* CommonDesign.framework */; settings = {ATTRIBUTES = (CodeSignOnCopy, RemoveHeadersOnCopy, ); }; };
		4644B92327860A6B0067B224 /* AppButton.swift in Sources */ = {isa = PBXBuildFile; fileRef = 4644B92227860A6B0067B224 /* AppButton.swift */; };
		4644B925278675520067B224 /* AppIcon.swift in Sources */ = {isa = PBXBuildFile; fileRef = 4644B924278675520067B224 /* AppIcon.swift */; };
		467558692BAD82F700CB625D /* CustomSwiftUiTestRuleWrapper.swift in Sources */ = {isa = PBXBuildFile; fileRef = 467558682BAD82F700CB625D /* CustomSwiftUiTestRuleWrapper.swift */; };
		46AA3CC32763EE2300684D28 /* Theme.swift in Sources */ = {isa = PBXBuildFile; fileRef = 46AA3CC22763EE2300684D28 /* Theme.swift */; };
		46AA3CC52763EF0B00684D28 /* ContentColor.swift in Sources */ = {isa = PBXBuildFile; fileRef = 46AA3CC42763EF0B00684D28 /* ContentColor.swift */; };
		46C78D962787971F0026FE88 /* AppProgress.swift in Sources */ = {isa = PBXBuildFile; fileRef = 46C78D952787971F0026FE88 /* AppProgress.swift */; };
/* End PBXBuildFile section */

/* Begin PBXCopyFilesBuildPhase section */
		4644B91D278529350067B224 /* Embed Frameworks */ = {
			isa = PBXCopyFilesBuildPhase;
			buildActionMask = 2147483647;
			dstPath = "";
			dstSubfolderSpec = 10;
			files = (
				4644B91C278529350067B224 /* CommonDesign.framework in Embed Frameworks */,
			);
			name = "Embed Frameworks";
			runOnlyForDeploymentPostprocessing = 0;
		};
/* End PBXCopyFilesBuildPhase section */

/* Begin PBXFileReference section */
		460EA8212765660900D5E384 /* Background.swift */ = {isa = PBXFileReference; lastKnownFileType = sourcecode.swift; path = Background.swift; sourceTree = "<group>"; };
		460EA82327657A1C00D5E384 /* AppSurface.swift */ = {isa = PBXFileReference; lastKnownFileType = sourcecode.swift; path = AppSurface.swift; sourceTree = "<group>"; };
		460EA825276680BA00D5E384 /* AppText.swift */ = {isa = PBXFileReference; lastKnownFileType = sourcecode.swift; path = AppText.swift; sourceTree = "<group>"; };
		4624BE4B2756AF0400DCC43B /* Typography.swift */ = {isa = PBXFileReference; lastKnownFileType = sourcecode.swift; path = Typography.swift; sourceTree = "<group>"; };
		4630ECC3273197ED0019BB4F /* AppDeepLink.swift */ = {isa = PBXFileReference; lastKnownFileType = sourcecode.swift; path = AppDeepLink.swift; sourceTree = "<group>"; };
		464126DD272318950094BF9B /* CommonSwiftUi.framework */ = {isa = PBXFileReference; explicitFileType = wrapper.framework; includeInIndex = 0; path = CommonSwiftUi.framework; sourceTree = BUILT_PRODUCTS_DIR; };
		464180F127D0F02C0070F9F7 /* AppGroupedList.swift */ = {isa = PBXFileReference; lastKnownFileType = sourcecode.swift; path = AppGroupedList.swift; sourceTree = "<group>"; };
		464180F927D677A40070F9F7 /* AppImage.swift */ = {isa = PBXFileReference; lastKnownFileType = sourcecode.swift; path = AppImage.swift; sourceTree = "<group>"; };
		464180FB27D6B6240070F9F7 /* Shape.swift */ = {isa = PBXFileReference; lastKnownFileType = sourcecode.swift; path = Shape.swift; sourceTree = "<group>"; };
		4642A9EC27256AD2005B31ED /* AppError.swift */ = {isa = PBXFileReference; lastKnownFileType = sourcecode.swift; path = AppError.swift; sourceTree = "<group>"; };
		4642A9F6272D50D0005B31ED /* AppAvatar.swift */ = {isa = PBXFileReference; lastKnownFileType = sourcecode.swift; path = AppAvatar.swift; sourceTree = "<group>"; };
		4642A9FB272D54DE005B31ED /* AppList.swift */ = {isa = PBXFileReference; lastKnownFileType = sourcecode.swift; path = AppList.swift; sourceTree = "<group>"; };
		4644B8DC276E4CD50067B224 /* AppScreen.swift */ = {isa = PBXFileReference; lastKnownFileType = sourcecode.swift; path = AppScreen.swift; sourceTree = "<group>"; };
		4644B8DE276F4F780067B224 /* AppNavigation.swift */ = {isa = PBXFileReference; lastKnownFileType = sourcecode.swift; path = AppNavigation.swift; sourceTree = "<group>"; };
		4644B91A278529350067B224 /* CommonDesign.framework */ = {isa = PBXFileReference; explicitFileType = wrapper.framework; path = CommonDesign.framework; sourceTree = BUILT_PRODUCTS_DIR; };
		4644B92227860A6B0067B224 /* AppButton.swift */ = {isa = PBXFileReference; lastKnownFileType = sourcecode.swift; path = AppButton.swift; sourceTree = "<group>"; };
		4644B924278675520067B224 /* AppIcon.swift */ = {isa = PBXFileReference; lastKnownFileType = sourcecode.swift; path = AppIcon.swift; sourceTree = "<group>"; };
		467558682BAD82F700CB625D /* CustomSwiftUiTestRuleWrapper.swift */ = {isa = PBXFileReference; fileEncoding = 4; lastKnownFileType = sourcecode.swift; path = CustomSwiftUiTestRuleWrapper.swift; sourceTree = "<group>"; };
		46AA3CC22763EE2300684D28 /* Theme.swift */ = {isa = PBXFileReference; lastKnownFileType = sourcecode.swift; path = Theme.swift; sourceTree = "<group>"; };
		46AA3CC42763EF0B00684D28 /* ContentColor.swift */ = {isa = PBXFileReference; lastKnownFileType = sourcecode.swift; path = ContentColor.swift; sourceTree = "<group>"; };
		46C78D952787971F0026FE88 /* AppProgress.swift */ = {isa = PBXFileReference; lastKnownFileType = sourcecode.swift; path = AppProgress.swift; sourceTree = "<group>"; };
/* End PBXFileReference section */

/* Begin PBXFrameworksBuildPhase section */
		464126DA272318950094BF9B /* Frameworks */ = {
			isa = PBXFrameworksBuildPhase;
			buildActionMask = 2147483647;
			files = (
				464180F827D6769A0070F9F7 /* SDWebImageSwiftUI in Frameworks */,
				4644B91B278529350067B224 /* CommonDesign.framework in Frameworks */,
				4642A9FA272D5175005B31ED /* LetterAvatarKit in Frameworks */,
				4644B8E527850ECB0067B224 /* Introspect in Frameworks */,
			);
			runOnlyForDeploymentPostprocessing = 0;
		};
/* End PBXFrameworksBuildPhase section */

/* Begin PBXGroup section */
		464126D3272318950094BF9B = {
			isa = PBXGroup;
			children = (
				464126DF272318950094BF9B /* common-swiftui */,
				464126DE272318950094BF9B /* Products */,
				4644B919278529350067B224 /* Frameworks */,
			);
			sourceTree = "<group>";
		};
		464126DE272318950094BF9B /* Products */ = {
			isa = PBXGroup;
			children = (
				464126DD272318950094BF9B /* CommonSwiftUi.framework */,
			);
			name = Products;
			sourceTree = "<group>";
		};
		464126DF272318950094BF9B /* common-swiftui */ = {
			isa = PBXGroup;
			children = (
				4642A9F52728C199005B31ED /* elements */,
				467558672BAD82DB00CB625D /* test */,
				46AA3CC12763DDDA00684D28 /* theme */,
			);
			path = "common-swiftui";
			sourceTree = "<group>";
		};
		464180F027D0F0050070F9F7 /* list */ = {
			isa = PBXGroup;
			children = (
				464180F127D0F02C0070F9F7 /* AppGroupedList.swift */,
				4642A9FB272D54DE005B31ED /* AppList.swift */,
			);
			path = list;
			sourceTree = "<group>";
		};
		4642A9F52728C199005B31ED /* elements */ = {
			isa = PBXGroup;
			children = (
				4642A9F6272D50D0005B31ED /* AppAvatar.swift */,
				4644B92227860A6B0067B224 /* AppButton.swift */,
				4630ECC3273197ED0019BB4F /* AppDeepLink.swift */,
				4642A9EC27256AD2005B31ED /* AppError.swift */,
				4644B924278675520067B224 /* AppIcon.swift */,
				464180F927D677A40070F9F7 /* AppImage.swift */,
				4644B8DE276F4F780067B224 /* AppNavigation.swift */,
				46C78D952787971F0026FE88 /* AppProgress.swift */,
				4644B8DC276E4CD50067B224 /* AppScreen.swift */,
				460EA82327657A1C00D5E384 /* AppSurface.swift */,
				460EA825276680BA00D5E384 /* AppText.swift */,
				464180F027D0F0050070F9F7 /* list */,
			);
			path = elements;
			sourceTree = "<group>";
		};
		4644B919278529350067B224 /* Frameworks */ = {
			isa = PBXGroup;
			children = (
				4644B91A278529350067B224 /* CommonDesign.framework */,
			);
			name = Frameworks;
			sourceTree = "<group>";
		};
		467558672BAD82DB00CB625D /* test */ = {
			isa = PBXGroup;
			children = (
				467558682BAD82F700CB625D /* CustomSwiftUiTestRuleWrapper.swift */,
			);
			path = test;
			sourceTree = "<group>";
		};
		46AA3CC12763DDDA00684D28 /* theme */ = {
			isa = PBXGroup;
			children = (
				460EA8212765660900D5E384 /* Background.swift */,
				46AA3CC42763EF0B00684D28 /* ContentColor.swift */,
				464180FB27D6B6240070F9F7 /* Shape.swift */,
				46AA3CC22763EE2300684D28 /* Theme.swift */,
				4624BE4B2756AF0400DCC43B /* Typography.swift */,
			);
			path = theme;
			sourceTree = "<group>";
		};
/* End PBXGroup section */

/* Begin PBXHeadersBuildPhase section */
		464126D8272318950094BF9B /* Headers */ = {
			isa = PBXHeadersBuildPhase;
			buildActionMask = 2147483647;
			files = (
			);
			runOnlyForDeploymentPostprocessing = 0;
		};
/* End PBXHeadersBuildPhase section */

/* Begin PBXNativeTarget section */
		464126DC272318950094BF9B /* CommonSwiftUi */ = {
			isa = PBXNativeTarget;
			buildConfigurationList = 464126E4272318950094BF9B /* Build configuration list for PBXNativeTarget "CommonSwiftUi" */;
			buildPhases = (
				464126D8272318950094BF9B /* Headers */,
				464126D9272318950094BF9B /* Sources */,
				464126DA272318950094BF9B /* Frameworks */,
				464126DB272318950094BF9B /* Resources */,
				4644B91D278529350067B224 /* Embed Frameworks */,
			);
			buildRules = (
			);
			dependencies = (
			);
			name = CommonSwiftUi;
			packageProductDependencies = (
				4642A9F9272D5175005B31ED /* LetterAvatarKit */,
				4644B8E427850ECB0067B224 /* Introspect */,
				464180F727D6769A0070F9F7 /* SDWebImageSwiftUI */,
			);
			productName = "common-uikit";
			productReference = 464126DD272318950094BF9B /* CommonSwiftUi.framework */;
			productType = "com.apple.product-type.framework";
		};
/* End PBXNativeTarget section */

/* Begin PBXProject section */
		464126D4272318950094BF9B /* Project object */ = {
			isa = PBXProject;
			attributes = {
				BuildIndependentTargetsInParallel = 1;
				LastUpgradeCheck = 1300;
				TargetAttributes = {
					464126DC272318950094BF9B = {
						CreatedOnToolsVersion = 13.0;
					};
				};
			};
			buildConfigurationList = 464126D7272318950094BF9B /* Build configuration list for PBXProject "common-swiftui" */;
			developmentRegion = en;
			hasScannedForEncodings = 0;
			knownRegions = (
				en,
				Base,
			);
			mainGroup = 464126D3272318950094BF9B;
			packageReferences = (
				4642A9F8272D5175005B31ED /* XCRemoteSwiftPackageReference "LetterAvatarKit" */,
				4644B8E327850ECB0067B224 /* XCRemoteSwiftPackageReference "SwiftUI-Introspect" */,
				464180F627D6769A0070F9F7 /* XCRemoteSwiftPackageReference "SDWebImageSwiftUI" */,
			);
			preferredProjectObjectVersion = 77;
			productRefGroup = 464126DE272318950094BF9B /* Products */;
			projectDirPath = "";
			projectRoot = "";
			targets = (
				464126DC272318950094BF9B /* CommonSwiftUi */,
			);
		};
/* End PBXProject section */

/* Begin PBXResourcesBuildPhase section */
		464126DB272318950094BF9B /* Resources */ = {
			isa = PBXResourcesBuildPhase;
			buildActionMask = 2147483647;
			files = (
			);
			runOnlyForDeploymentPostprocessing = 0;
		};
/* End PBXResourcesBuildPhase section */

/* Begin PBXSourcesBuildPhase section */
		464126D9272318950094BF9B /* Sources */ = {
			isa = PBXSourcesBuildPhase;
			buildActionMask = 2147483647;
			files = (
				4642A9F7272D50D0005B31ED /* AppAvatar.swift in Sources */,
				4624BE4C2756AF0400DCC43B /* Typography.swift in Sources */,
				467558692BAD82F700CB625D /* CustomSwiftUiTestRuleWrapper.swift in Sources */,
				464180F227D0F02C0070F9F7 /* AppGroupedList.swift in Sources */,
				46AA3CC52763EF0B00684D28 /* ContentColor.swift in Sources */,
				4644B8DF276F4F780067B224 /* AppNavigation.swift in Sources */,
				4644B925278675520067B224 /* AppIcon.swift in Sources */,
				460EA8222765660900D5E384 /* Background.swift in Sources */,
				4644B8DD276E4CD50067B224 /* AppScreen.swift in Sources */,
				46C78D962787971F0026FE88 /* AppProgress.swift in Sources */,
				4630ECC4273197ED0019BB4F /* AppDeepLink.swift in Sources */,
				46AA3CC32763EE2300684D28 /* Theme.swift in Sources */,
				460EA826276680BA00D5E384 /* AppText.swift in Sources */,
				4644B92327860A6B0067B224 /* AppButton.swift in Sources */,
				4642A9ED27256AD2005B31ED /* AppError.swift in Sources */,
				460EA82427657A1C00D5E384 /* AppSurface.swift in Sources */,
				4642A9FC272D54DE005B31ED /* AppList.swift in Sources */,
				464180FC27D6B6240070F9F7 /* Shape.swift in Sources */,
				464180FA27D677A40070F9F7 /* AppImage.swift in Sources */,
			);
			runOnlyForDeploymentPostprocessing = 0;
		};
/* End PBXSourcesBuildPhase section */

/* Begin XCBuildConfiguration section */
		464126E2272318950094BF9B /* Debug */ = {
			isa = XCBuildConfiguration;
			buildSettings = {
				ALWAYS_SEARCH_USER_PATHS = NO;
				CLANG_ANALYZER_NONNULL = YES;
				CLANG_ANALYZER_NUMBER_OBJECT_CONVERSION = YES_AGGRESSIVE;
				CLANG_CXX_LANGUAGE_STANDARD = "gnu++17";
				CLANG_CXX_LIBRARY = "libc++";
				CLANG_ENABLE_MODULES = YES;
				CLANG_ENABLE_OBJC_ARC = YES;
				CLANG_ENABLE_OBJC_WEAK = YES;
				CLANG_WARN_BLOCK_CAPTURE_AUTORELEASING = YES;
				CLANG_WARN_BOOL_CONVERSION = YES;
				CLANG_WARN_COMMA = YES;
				CLANG_WARN_CONSTANT_CONVERSION = YES;
				CLANG_WARN_DEPRECATED_OBJC_IMPLEMENTATIONS = YES;
				CLANG_WARN_DIRECT_OBJC_ISA_USAGE = YES_ERROR;
				CLANG_WARN_DOCUMENTATION_COMMENTS = YES;
				CLANG_WARN_EMPTY_BODY = YES;
				CLANG_WARN_ENUM_CONVERSION = YES;
				CLANG_WARN_INFINITE_RECURSION = YES;
				CLANG_WARN_INT_CONVERSION = YES;
				CLANG_WARN_NON_LITERAL_NULL_CONVERSION = YES;
				CLANG_WARN_OBJC_IMPLICIT_RETAIN_SELF = YES;
				CLANG_WARN_OBJC_LITERAL_CONVERSION = YES;
				CLANG_WARN_OBJC_ROOT_CLASS = YES_ERROR;
				CLANG_WARN_QUOTED_INCLUDE_IN_FRAMEWORK_HEADER = YES;
				CLANG_WARN_RANGE_LOOP_ANALYSIS = YES;
				CLANG_WARN_STRICT_PROTOTYPES = YES;
				CLANG_WARN_SUSPICIOUS_MOVE = YES;
				CLANG_WARN_UNGUARDED_AVAILABILITY = YES_AGGRESSIVE;
				CLANG_WARN_UNREACHABLE_CODE = YES;
				CLANG_WARN__DUPLICATE_METHOD_MATCH = YES;
				COPY_PHASE_STRIP = NO;
				CURRENT_PROJECT_VERSION = 1;
				DEBUG_INFORMATION_FORMAT = dwarf;
				ENABLE_STRICT_OBJC_MSGSEND = YES;
				ENABLE_TESTABILITY = YES;
				GCC_C_LANGUAGE_STANDARD = gnu11;
				GCC_DYNAMIC_NO_PIC = NO;
				GCC_NO_COMMON_BLOCKS = YES;
				GCC_OPTIMIZATION_LEVEL = 0;
				GCC_PREPROCESSOR_DEFINITIONS = (
					"DEBUG=1",
					"$(inherited)",
				);
				GCC_WARN_64_TO_32_BIT_CONVERSION = YES;
				GCC_WARN_ABOUT_RETURN_TYPE = YES_ERROR;
				GCC_WARN_UNDECLARED_SELECTOR = YES;
				GCC_WARN_UNINITIALIZED_AUTOS = YES_AGGRESSIVE;
				GCC_WARN_UNUSED_FUNCTION = YES;
				GCC_WARN_UNUSED_VARIABLE = YES;
				IPHONEOS_DEPLOYMENT_TARGET = 15.0;
				MTL_ENABLE_DEBUG_INFO = INCLUDE_SOURCE;
				MTL_FAST_MATH = YES;
				ONLY_ACTIVE_ARCH = YES;
				SDKROOT = iphoneos;
				SWIFT_ACTIVE_COMPILATION_CONDITIONS = DEBUG;
				SWIFT_OPTIMIZATION_LEVEL = "-Onone";
				VERSIONING_SYSTEM = "apple-generic";
				VERSION_INFO_PREFIX = "";
			};
			name = Debug;
		};
		464126E3272318950094BF9B /* Release */ = {
			isa = XCBuildConfiguration;
			buildSettings = {
				ALWAYS_SEARCH_USER_PATHS = NO;
				CLANG_ANALYZER_NONNULL = YES;
				CLANG_ANALYZER_NUMBER_OBJECT_CONVERSION = YES_AGGRESSIVE;
				CLANG_CXX_LANGUAGE_STANDARD = "gnu++17";
				CLANG_CXX_LIBRARY = "libc++";
				CLANG_ENABLE_MODULES = YES;
				CLANG_ENABLE_OBJC_ARC = YES;
				CLANG_ENABLE_OBJC_WEAK = YES;
				CLANG_WARN_BLOCK_CAPTURE_AUTORELEASING = YES;
				CLANG_WARN_BOOL_CONVERSION = YES;
				CLANG_WARN_COMMA = YES;
				CLANG_WARN_CONSTANT_CONVERSION = YES;
				CLANG_WARN_DEPRECATED_OBJC_IMPLEMENTATIONS = YES;
				CLANG_WARN_DIRECT_OBJC_ISA_USAGE = YES_ERROR;
				CLANG_WARN_DOCUMENTATION_COMMENTS = YES;
				CLANG_WARN_EMPTY_BODY = YES;
				CLANG_WARN_ENUM_CONVERSION = YES;
				CLANG_WARN_INFINITE_RECURSION = YES;
				CLANG_WARN_INT_CONVERSION = YES;
				CLANG_WARN_NON_LITERAL_NULL_CONVERSION = YES;
				CLANG_WARN_OBJC_IMPLICIT_RETAIN_SELF = YES;
				CLANG_WARN_OBJC_LITERAL_CONVERSION = YES;
				CLANG_WARN_OBJC_ROOT_CLASS = YES_ERROR;
				CLANG_WARN_QUOTED_INCLUDE_IN_FRAMEWORK_HEADER = YES;
				CLANG_WARN_RANGE_LOOP_ANALYSIS = YES;
				CLANG_WARN_STRICT_PROTOTYPES = YES;
				CLANG_WARN_SUSPICIOUS_MOVE = YES;
				CLANG_WARN_UNGUARDED_AVAILABILITY = YES_AGGRESSIVE;
				CLANG_WARN_UNREACHABLE_CODE = YES;
				CLANG_WARN__DUPLICATE_METHOD_MATCH = YES;
				COPY_PHASE_STRIP = NO;
				CURRENT_PROJECT_VERSION = 1;
				DEBUG_INFORMATION_FORMAT = "dwarf-with-dsym";
				ENABLE_NS_ASSERTIONS = NO;
				ENABLE_STRICT_OBJC_MSGSEND = YES;
				GCC_C_LANGUAGE_STANDARD = gnu11;
				GCC_NO_COMMON_BLOCKS = YES;
				GCC_WARN_64_TO_32_BIT_CONVERSION = YES;
				GCC_WARN_ABOUT_RETURN_TYPE = YES_ERROR;
				GCC_WARN_UNDECLARED_SELECTOR = YES;
				GCC_WARN_UNINITIALIZED_AUTOS = YES_AGGRESSIVE;
				GCC_WARN_UNUSED_FUNCTION = YES;
				GCC_WARN_UNUSED_VARIABLE = YES;
				IPHONEOS_DEPLOYMENT_TARGET = 15.0;
				MTL_ENABLE_DEBUG_INFO = NO;
				MTL_FAST_MATH = YES;
				SDKROOT = iphoneos;
				SWIFT_COMPILATION_MODE = wholemodule;
				SWIFT_OPTIMIZATION_LEVEL = "-O";
				VALIDATE_PRODUCT = YES;
				VERSIONING_SYSTEM = "apple-generic";
				VERSION_INFO_PREFIX = "";
			};
			name = Release;
		};
		464126E5272318950094BF9B /* Debug */ = {
			isa = XCBuildConfiguration;
			buildSettings = {
				CODE_SIGN_STYLE = Automatic;
				CURRENT_PROJECT_VERSION = 1;
				DEFINES_MODULE = YES;
				DEVELOPMENT_TEAM = 5G893F5HW7;
				DYLIB_COMPATIBILITY_VERSION = 1;
				DYLIB_CURRENT_VERSION = 1;
				DYLIB_INSTALL_NAME_BASE = "@rpath";
				GENERATE_INFOPLIST_FILE = YES;
				INFOPLIST_KEY_NSHumanReadableCopyright = "";
				INSTALL_PATH = "$(LOCAL_LIBRARY_DIR)/Frameworks";
				IPHONEOS_DEPLOYMENT_TARGET = 15.0;
				LD_RUNPATH_SEARCH_PATHS = (
					"$(inherited)",
					"@executable_path/Frameworks",
					"@loader_path/Frameworks",
				);
				MARKETING_VERSION = 1.0;
				PRODUCT_BUNDLE_IDENTIFIER = com.gchristov.newsfeed.commonswiftui;
				PRODUCT_NAME = "$(TARGET_NAME:c99extidentifier)";
				SKIP_INSTALL = YES;
				SUPPORTED_PLATFORMS = "iphoneos iphonesimulator";
				SUPPORTS_MACCATALYST = NO;
				SUPPORTS_MAC_DESIGNED_FOR_IPHONE_IPAD = NO;
				SUPPORTS_XR_DESIGNED_FOR_IPHONE_IPAD = NO;
				SWIFT_EMIT_LOC_STRINGS = YES;
				SWIFT_VERSION = 5.0;
				TARGETED_DEVICE_FAMILY = 1;
			};
			name = Debug;
		};
		464126E6272318950094BF9B /* Release */ = {
			isa = XCBuildConfiguration;
			buildSettings = {
				CODE_SIGN_STYLE = Automatic;
				CURRENT_PROJECT_VERSION = 1;
				DEFINES_MODULE = YES;
				DEVELOPMENT_TEAM = 5G893F5HW7;
				DYLIB_COMPATIBILITY_VERSION = 1;
				DYLIB_CURRENT_VERSION = 1;
				DYLIB_INSTALL_NAME_BASE = "@rpath";
				GENERATE_INFOPLIST_FILE = YES;
				INFOPLIST_KEY_NSHumanReadableCopyright = "";
				INSTALL_PATH = "$(LOCAL_LIBRARY_DIR)/Frameworks";
				IPHONEOS_DEPLOYMENT_TARGET = 15.0;
				LD_RUNPATH_SEARCH_PATHS = (
					"$(inherited)",
					"@executable_path/Frameworks",
					"@loader_path/Frameworks",
				);
				MARKETING_VERSION = 1.0;
				PRODUCT_BUNDLE_IDENTIFIER = com.gchristov.newsfeed.commonswiftui;
				PRODUCT_NAME = "$(TARGET_NAME:c99extidentifier)";
				SKIP_INSTALL = YES;
				SUPPORTED_PLATFORMS = "iphoneos iphonesimulator";
				SUPPORTS_MACCATALYST = NO;
				SUPPORTS_MAC_DESIGNED_FOR_IPHONE_IPAD = NO;
				SUPPORTS_XR_DESIGNED_FOR_IPHONE_IPAD = NO;
				SWIFT_EMIT_LOC_STRINGS = YES;
				SWIFT_VERSION = 5.0;
				TARGETED_DEVICE_FAMILY = 1;
			};
			name = Release;
		};
/* End XCBuildConfiguration section */

/* Begin XCConfigurationList section */
		464126D7272318950094BF9B /* Build configuration list for PBXProject "common-swiftui" */ = {
			isa = XCConfigurationList;
			buildConfigurations = (
				464126E2272318950094BF9B /* Debug */,
				464126E3272318950094BF9B /* Release */,
			);
			defaultConfigurationIsVisible = 0;
			defaultConfigurationName = Release;
		};
		464126E4272318950094BF9B /* Build configuration list for PBXNativeTarget "CommonSwiftUi" */ = {
			isa = XCConfigurationList;
			buildConfigurations = (
				464126E5272318950094BF9B /* Debug */,
				464126E6272318950094BF9B /* Release */,
			);
			defaultConfigurationIsVisible = 0;
			defaultConfigurationName = Release;
		};
/* End XCConfigurationList section */

/* Begin XCRemoteSwiftPackageReference section */
		464180F627D6769A0070F9F7 /* XCRemoteSwiftPackageReference "SDWebImageSwiftUI" */ = {
			isa = XCRemoteSwiftPackageReference;
			repositoryURL = "https://github.com/SDWebImage/SDWebImageSwiftUI";
			requirement = {
				kind = exactVersion;
				version = 2.0.2;
			};
		};
		4642A9F8272D5175005B31ED /* XCRemoteSwiftPackageReference "LetterAvatarKit" */ = {
			isa = XCRemoteSwiftPackageReference;
			repositoryURL = "https://github.com/vpeschenkov/LetterAvatarKit";
			requirement = {
				kind = exactVersion;
				version = 1.2.5;
			};
		};
		4644B8E327850ECB0067B224 /* XCRemoteSwiftPackageReference "SwiftUI-Introspect" */ = {
			isa = XCRemoteSwiftPackageReference;
			repositoryURL = "https://github.com/siteline/SwiftUI-Introspect.git";
			requirement = {
				kind = exactVersion;
				version = 0.1.3;
			};
		};
/* End XCRemoteSwiftPackageReference section */

/* Begin XCSwiftPackageProductDependency section */
		464180F727D6769A0070F9F7 /* SDWebImageSwiftUI */ = {
			isa = XCSwiftPackageProductDependency;
			package = 464180F627D6769A0070F9F7 /* XCRemoteSwiftPackageReference "SDWebImageSwiftUI" */;
			productName = SDWebImageSwiftUI;
		};
		4642A9F9272D5175005B31ED /* LetterAvatarKit */ = {
			isa = XCSwiftPackageProductDependency;
			package = 4642A9F8272D5175005B31ED /* XCRemoteSwiftPackageReference "LetterAvatarKit" */;
			productName = LetterAvatarKit;
		};
		4644B8E427850ECB0067B224 /* Introspect */ = {
			isa = XCSwiftPackageProductDependency;
			package = 4644B8E327850ECB0067B224 /* XCRemoteSwiftPackageReference "SwiftUI-Introspect" */;
			productName = Introspect;
		};
/* End XCSwiftPackageProductDependency section */
	};
	rootObject = 464126D4272318950094BF9B /* Project object */;
}
