// !$*UTF8*$!
{
	archiveVersion = 1;
	classes = {
	};
	objectVersion = 55;
	objects = {

/* Begin PBXBuildFile section */
		464126AF2722FC010094BF9B /* FeedScreen.swift in Sources */ = {isa = PBXBuildFile; fileRef = 464126AE2722FC010094BF9B /* FeedScreen.swift */; };
		464126D02723093B0094BF9B /* Post.framework in Frameworks */ = {isa = PBXBuildFile; fileRef = 464126CF2723093B0094BF9B /* Post.framework */; };
		464126D12723093B0094BF9B /* Post.framework in Embed Frameworks */ = {isa = PBXBuildFile; fileRef = 464126CF2723093B0094BF9B /* Post.framework */; settings = {ATTRIBUTES = (CodeSignOnCopy, RemoveHeadersOnCopy, ); }; };
		4642A9EF27257553005B31ED /* CommonSwiftUi.framework in Frameworks */ = {isa = PBXBuildFile; fileRef = 4642A9EE27257553005B31ED /* CommonSwiftUi.framework */; };
		4642A9F027257553005B31ED /* CommonSwiftUi.framework in Embed Frameworks */ = {isa = PBXBuildFile; fileRef = 4642A9EE27257553005B31ED /* CommonSwiftUi.framework */; settings = {ATTRIBUTES = (CodeSignOnCopy, RemoveHeadersOnCopy, ); }; };
		4680F47A27A7209E007DA70E /* FeedTestHostApp.swift in Sources */ = {isa = PBXBuildFile; fileRef = 4680F47927A7209E007DA70E /* FeedTestHostApp.swift */; };
		4680F48627A72115007DA70E /* CommonSwiftUiTest.framework in Frameworks */ = {isa = PBXBuildFile; fileRef = 4680F48527A72115007DA70E /* CommonSwiftUiTest.framework */; };
		4680F48727A72115007DA70E /* CommonSwiftUiTest.framework in Embed Frameworks */ = {isa = PBXBuildFile; fileRef = 4680F48527A72115007DA70E /* CommonSwiftUiTest.framework */; settings = {ATTRIBUTES = (CodeSignOnCopy, RemoveHeadersOnCopy, ); }; };
		4680F48927A7211D007DA70E /* Feed.framework in Frameworks */ = {isa = PBXBuildFile; fileRef = 464126A42722DD760094BF9B /* Feed.framework */; platformFilter = ios; };
		4680F48A27A7211D007DA70E /* Feed.framework in Embed Frameworks */ = {isa = PBXBuildFile; fileRef = 464126A42722DD760094BF9B /* Feed.framework */; settings = {ATTRIBUTES = (CodeSignOnCopy, RemoveHeadersOnCopy, ); }; };
		4680F48E27A72123007DA70E /* FeedTestFixtures.framework in Frameworks */ = {isa = PBXBuildFile; fileRef = 4680F48D27A72123007DA70E /* FeedTestFixtures.framework */; };
		4680F48F27A72123007DA70E /* FeedTestFixtures.framework in Embed Frameworks */ = {isa = PBXBuildFile; fileRef = 4680F48D27A72123007DA70E /* FeedTestFixtures.framework */; settings = {ATTRIBUTES = (CodeSignOnCopy, RemoveHeadersOnCopy, ); }; };
		4680F4A027A73F63007DA70E /* FeedUiTest.swift in Sources */ = {isa = PBXBuildFile; fileRef = 4680F49627A73EFA007DA70E /* FeedUiTest.swift */; };
/* End PBXBuildFile section */

/* Begin PBXContainerItemProxy section */
		4680F48B27A7211D007DA70E /* PBXContainerItemProxy */ = {
			isa = PBXContainerItemProxy;
			containerPortal = 4641269B2722DD760094BF9B /* Project object */;
			proxyType = 1;
			remoteGlobalIDString = 464126A32722DD760094BF9B;
			remoteInfo = Feed;
		};
		4680F49A27A73EFA007DA70E /* PBXContainerItemProxy */ = {
			isa = PBXContainerItemProxy;
			containerPortal = 4641269B2722DD760094BF9B /* Project object */;
			proxyType = 1;
			remoteGlobalIDString = 4680F47627A7209E007DA70E;
			remoteInfo = FeedTestHost;
		};
/* End PBXContainerItemProxy section */

/* Begin PBXCopyFilesBuildPhase section */
		464126D22723093B0094BF9B /* Embed Frameworks */ = {
			isa = PBXCopyFilesBuildPhase;
			buildActionMask = 2147483647;
			dstPath = "";
			dstSubfolderSpec = 10;
			files = (
				464126D12723093B0094BF9B /* Post.framework in Embed Frameworks */,
				4642A9F027257553005B31ED /* CommonSwiftUi.framework in Embed Frameworks */,
			);
			name = "Embed Frameworks";
			runOnlyForDeploymentPostprocessing = 0;
		};
		4680F48827A72115007DA70E /* Embed Frameworks */ = {
			isa = PBXCopyFilesBuildPhase;
			buildActionMask = 2147483647;
			dstPath = "";
			dstSubfolderSpec = 10;
			files = (
				4680F48A27A7211D007DA70E /* Feed.framework in Embed Frameworks */,
				4680F48F27A72123007DA70E /* FeedTestFixtures.framework in Embed Frameworks */,
				4680F48727A72115007DA70E /* CommonSwiftUiTest.framework in Embed Frameworks */,
			);
			name = "Embed Frameworks";
			runOnlyForDeploymentPostprocessing = 0;
		};
/* End PBXCopyFilesBuildPhase section */

/* Begin PBXFileReference section */
		464126A42722DD760094BF9B /* Feed.framework */ = {isa = PBXFileReference; explicitFileType = wrapper.framework; includeInIndex = 0; path = Feed.framework; sourceTree = BUILT_PRODUCTS_DIR; };
		464126AE2722FC010094BF9B /* FeedScreen.swift */ = {isa = PBXFileReference; fileEncoding = 4; lastKnownFileType = sourcecode.swift; path = FeedScreen.swift; sourceTree = "<group>"; };
		464126CF2723093B0094BF9B /* Post.framework */ = {isa = PBXFileReference; explicitFileType = wrapper.framework; path = Post.framework; sourceTree = BUILT_PRODUCTS_DIR; };
		464126F1272319DA0094BF9B /* CommonUiKit.framework */ = {isa = PBXFileReference; explicitFileType = wrapper.framework; path = CommonUiKit.framework; sourceTree = BUILT_PRODUCTS_DIR; };
		4642A9EE27257553005B31ED /* CommonSwiftUi.framework */ = {isa = PBXFileReference; explicitFileType = wrapper.framework; path = CommonSwiftUi.framework; sourceTree = BUILT_PRODUCTS_DIR; };
		4680F47727A7209E007DA70E /* FeedTestHost.app */ = {isa = PBXFileReference; explicitFileType = wrapper.application; includeInIndex = 0; path = FeedTestHost.app; sourceTree = BUILT_PRODUCTS_DIR; };
		4680F47927A7209E007DA70E /* FeedTestHostApp.swift */ = {isa = PBXFileReference; lastKnownFileType = sourcecode.swift; path = FeedTestHostApp.swift; sourceTree = "<group>"; };
		4680F48527A72115007DA70E /* CommonSwiftUiTest.framework */ = {isa = PBXFileReference; explicitFileType = wrapper.framework; path = CommonSwiftUiTest.framework; sourceTree = BUILT_PRODUCTS_DIR; };
		4680F48D27A72123007DA70E /* FeedTestFixtures.framework */ = {isa = PBXFileReference; explicitFileType = wrapper.framework; path = FeedTestFixtures.framework; sourceTree = BUILT_PRODUCTS_DIR; };
		4680F49427A73EFA007DA70E /* FeedUiTest.xctest */ = {isa = PBXFileReference; explicitFileType = wrapper.cfbundle; includeInIndex = 0; path = FeedUiTest.xctest; sourceTree = BUILT_PRODUCTS_DIR; };
		4680F49627A73EFA007DA70E /* FeedUiTest.swift */ = {isa = PBXFileReference; lastKnownFileType = sourcecode.swift; path = FeedUiTest.swift; sourceTree = "<group>"; };
/* End PBXFileReference section */

/* Begin PBXFrameworksBuildPhase section */
		464126A12722DD760094BF9B /* Frameworks */ = {
			isa = PBXFrameworksBuildPhase;
			buildActionMask = 2147483647;
			files = (
				464126D02723093B0094BF9B /* Post.framework in Frameworks */,
				4642A9EF27257553005B31ED /* CommonSwiftUi.framework in Frameworks */,
			);
			runOnlyForDeploymentPostprocessing = 0;
		};
		4680F47427A7209E007DA70E /* Frameworks */ = {
			isa = PBXFrameworksBuildPhase;
			buildActionMask = 2147483647;
			files = (
				4680F48927A7211D007DA70E /* Feed.framework in Frameworks */,
				4680F48E27A72123007DA70E /* FeedTestFixtures.framework in Frameworks */,
				4680F48627A72115007DA70E /* CommonSwiftUiTest.framework in Frameworks */,
			);
			runOnlyForDeploymentPostprocessing = 0;
		};
		4680F49127A73EFA007DA70E /* Frameworks */ = {
			isa = PBXFrameworksBuildPhase;
			buildActionMask = 2147483647;
			files = (
			);
			runOnlyForDeploymentPostprocessing = 0;
		};
/* End PBXFrameworksBuildPhase section */

/* Begin PBXGroup section */
		4641269A2722DD760094BF9B = {
			isa = PBXGroup;
			children = (
				464126A62722DD760094BF9B /* feed */,
				4680F47227A72061007DA70E /* tests */,
				464126A52722DD760094BF9B /* Products */,
				464126CE2723093B0094BF9B /* Frameworks */,
			);
			sourceTree = "<group>";
		};
		464126A52722DD760094BF9B /* Products */ = {
			isa = PBXGroup;
			children = (
				464126A42722DD760094BF9B /* Feed.framework */,
				4680F47727A7209E007DA70E /* FeedTestHost.app */,
				4680F49427A73EFA007DA70E /* FeedUiTest.xctest */,
			);
			name = Products;
			sourceTree = "<group>";
		};
		464126A62722DD760094BF9B /* feed */ = {
			isa = PBXGroup;
			children = (
				464126AE2722FC010094BF9B /* FeedScreen.swift */,
			);
			path = feed;
			sourceTree = "<group>";
		};
		464126CE2723093B0094BF9B /* Frameworks */ = {
			isa = PBXGroup;
			children = (
				4680F48D27A72123007DA70E /* FeedTestFixtures.framework */,
				4680F48527A72115007DA70E /* CommonSwiftUiTest.framework */,
				4642A9EE27257553005B31ED /* CommonSwiftUi.framework */,
				464126F1272319DA0094BF9B /* CommonUiKit.framework */,
				464126CF2723093B0094BF9B /* Post.framework */,
			);
			name = Frameworks;
			sourceTree = "<group>";
		};
		4680F47227A72061007DA70E /* tests */ = {
			isa = PBXGroup;
			children = (
				4680F49627A73EFA007DA70E /* FeedUiTest.swift */,
				4680F47927A7209E007DA70E /* FeedTestHostApp.swift */,
			);
			path = tests;
			sourceTree = "<group>";
		};
/* End PBXGroup section */

/* Begin PBXHeadersBuildPhase section */
		4641269F2722DD760094BF9B /* Headers */ = {
			isa = PBXHeadersBuildPhase;
			buildActionMask = 2147483647;
			files = (
			);
			runOnlyForDeploymentPostprocessing = 0;
		};
/* End PBXHeadersBuildPhase section */

/* Begin PBXNativeTarget section */
		464126A32722DD760094BF9B /* Feed */ = {
			isa = PBXNativeTarget;
			buildConfigurationList = 464126AB2722DD760094BF9B /* Build configuration list for PBXNativeTarget "Feed" */;
			buildPhases = (
				464126B32722FD400094BF9B /* ShellScript */,
				4641269F2722DD760094BF9B /* Headers */,
				464126A02722DD760094BF9B /* Sources */,
				464126A12722DD760094BF9B /* Frameworks */,
				464126A22722DD760094BF9B /* Resources */,
				464126D22723093B0094BF9B /* Embed Frameworks */,
			);
			buildRules = (
			);
			dependencies = (
			);
			name = Feed;
			packageProductDependencies = (
			);
			productName = feed;
			productReference = 464126A42722DD760094BF9B /* Feed.framework */;
			productType = "com.apple.product-type.framework";
		};
		4680F47627A7209E007DA70E /* FeedTestHost */ = {
			isa = PBXNativeTarget;
			buildConfigurationList = 4680F48227A720AE007DA70E /* Build configuration list for PBXNativeTarget "FeedTestHost" */;
			buildPhases = (
				4680F47327A7209E007DA70E /* Sources */,
				4680F47427A7209E007DA70E /* Frameworks */,
				4680F47527A7209E007DA70E /* Resources */,
				4680F48827A72115007DA70E /* Embed Frameworks */,
			);
			buildRules = (
			);
			dependencies = (
				4680F48C27A7211D007DA70E /* PBXTargetDependency */,
			);
			name = FeedTestHost;
			productName = FeedTestHost;
			productReference = 4680F47727A7209E007DA70E /* FeedTestHost.app */;
			productType = "com.apple.product-type.application";
		};
		4680F49327A73EFA007DA70E /* FeedUiTest */ = {
			isa = PBXNativeTarget;
			buildConfigurationList = 4680F49C27A73EFA007DA70E /* Build configuration list for PBXNativeTarget "FeedUiTest" */;
			buildPhases = (
				4680F49027A73EFA007DA70E /* Sources */,
				4680F49127A73EFA007DA70E /* Frameworks */,
				4680F49227A73EFA007DA70E /* Resources */,
			);
			buildRules = (
			);
			dependencies = (
				4680F49B27A73EFA007DA70E /* PBXTargetDependency */,
			);
			name = FeedUiTest;
			productName = FeedUiTest;
			productReference = 4680F49427A73EFA007DA70E /* FeedUiTest.xctest */;
			productType = "com.apple.product-type.bundle.ui-testing";
		};
/* End PBXNativeTarget section */

/* Begin PBXProject section */
		4641269B2722DD760094BF9B /* Project object */ = {
			isa = PBXProject;
			attributes = {
				BuildIndependentTargetsInParallel = 1;
				LastSwiftUpdateCheck = 1320;
				LastUpgradeCheck = 1300;
				TargetAttributes = {
					464126A32722DD760094BF9B = {
						CreatedOnToolsVersion = 13.0;
					};
					4680F47627A7209E007DA70E = {
						CreatedOnToolsVersion = 13.2;
					};
					4680F49327A73EFA007DA70E = {
						CreatedOnToolsVersion = 13.2;
						TestTargetID = 4680F47627A7209E007DA70E;
					};
				};
			};
			buildConfigurationList = 4641269E2722DD760094BF9B /* Build configuration list for PBXProject "feed" */;
			compatibilityVersion = "Xcode 13.0";
			developmentRegion = en;
			hasScannedForEncodings = 0;
			knownRegions = (
				en,
				Base,
			);
			mainGroup = 4641269A2722DD760094BF9B;
			packageReferences = (
				464126B4272301D50094BF9B /* XCRemoteSwiftPackageReference "LetterAvatarKit" */,
			);
			productRefGroup = 464126A52722DD760094BF9B /* Products */;
			projectDirPath = "";
			projectRoot = "";
			targets = (
				464126A32722DD760094BF9B /* Feed */,
				4680F47627A7209E007DA70E /* FeedTestHost */,
				4680F49327A73EFA007DA70E /* FeedUiTest */,
			);
		};
/* End PBXProject section */

/* Begin PBXResourcesBuildPhase section */
		464126A22722DD760094BF9B /* Resources */ = {
			isa = PBXResourcesBuildPhase;
			buildActionMask = 2147483647;
			files = (
			);
			runOnlyForDeploymentPostprocessing = 0;
		};
		4680F47527A7209E007DA70E /* Resources */ = {
			isa = PBXResourcesBuildPhase;
			buildActionMask = 2147483647;
			files = (
			);
			runOnlyForDeploymentPostprocessing = 0;
		};
		4680F49227A73EFA007DA70E /* Resources */ = {
			isa = PBXResourcesBuildPhase;
			buildActionMask = 2147483647;
			files = (
			);
			runOnlyForDeploymentPostprocessing = 0;
		};
/* End PBXResourcesBuildPhase section */

/* Begin PBXShellScriptBuildPhase section */
		464126B32722FD400094BF9B /* ShellScript */ = {
			isa = PBXShellScriptBuildPhase;
			buildActionMask = 2147483647;
			files = (
			);
			inputFileListPaths = (
			);
			inputPaths = (
			);
			outputFileListPaths = (
			);
			outputPaths = (
			);
			runOnlyForDeploymentPostprocessing = 0;
			shellPath = /bin/sh;
			shellScript = "# Shared KMM compilation needed here in addition to the main app because Xcode compiles \n# projects based on dependencies so this module might be compiled before anything else, \n# in which case we might get Xcode errors about missing KMM modules\necho \"Building shared KMM module for target $TARGET_NAME\"\ncd \"$SRCROOT/../..\"\n./gradlew :multiplatform:umbrella:app:embedAndSignAppleFrameworkForXcode\n";
		};
/* End PBXShellScriptBuildPhase section */

/* Begin PBXSourcesBuildPhase section */
		464126A02722DD760094BF9B /* Sources */ = {
			isa = PBXSourcesBuildPhase;
			buildActionMask = 2147483647;
			files = (
				464126AF2722FC010094BF9B /* FeedScreen.swift in Sources */,
			);
			runOnlyForDeploymentPostprocessing = 0;
		};
		4680F47327A7209E007DA70E /* Sources */ = {
			isa = PBXSourcesBuildPhase;
			buildActionMask = 2147483647;
			files = (
				4680F47A27A7209E007DA70E /* FeedTestHostApp.swift in Sources */,
			);
			runOnlyForDeploymentPostprocessing = 0;
		};
		4680F49027A73EFA007DA70E /* Sources */ = {
			isa = PBXSourcesBuildPhase;
			buildActionMask = 2147483647;
			files = (
				4680F4A027A73F63007DA70E /* FeedUiTest.swift in Sources */,
			);
			runOnlyForDeploymentPostprocessing = 0;
		};
/* End PBXSourcesBuildPhase section */

/* Begin PBXTargetDependency section */
		4680F48C27A7211D007DA70E /* PBXTargetDependency */ = {
			isa = PBXTargetDependency;
			platformFilter = ios;
			target = 464126A32722DD760094BF9B /* Feed */;
			targetProxy = 4680F48B27A7211D007DA70E /* PBXContainerItemProxy */;
		};
		4680F49B27A73EFA007DA70E /* PBXTargetDependency */ = {
			isa = PBXTargetDependency;
			target = 4680F47627A7209E007DA70E /* FeedTestHost */;
			targetProxy = 4680F49A27A73EFA007DA70E /* PBXContainerItemProxy */;
		};
/* End PBXTargetDependency section */

/* Begin XCBuildConfiguration section */
		464126A92722DD760094BF9B /* Debug */ = {
			isa = XCBuildConfiguration;
			buildSettings = {
				ALWAYS_SEARCH_USER_PATHS = NO;
				CLANG_ANALYZER_NONNULL = YES;
				CLANG_ANALYZER_NUMBER_OBJECT_CONVERSION = YES_AGGRESSIVE;
				CLANG_CXX_LANGUAGE_STANDARD = "gnu++17";
				CLANG_CXX_LIBRARY = "libc++";
				CLANG_ENABLE_MODULES = YES;
				CLANG_ENABLE_OBJC_ARC = YES;
				CLANG_ENABLE_OBJC_WEAK = YES;
				CLANG_WARN_BLOCK_CAPTURE_AUTORELEASING = YES;
				CLANG_WARN_BOOL_CONVERSION = YES;
				CLANG_WARN_COMMA = YES;
				CLANG_WARN_CONSTANT_CONVERSION = YES;
				CLANG_WARN_DEPRECATED_OBJC_IMPLEMENTATIONS = YES;
				CLANG_WARN_DIRECT_OBJC_ISA_USAGE = YES_ERROR;
				CLANG_WARN_DOCUMENTATION_COMMENTS = YES;
				CLANG_WARN_EMPTY_BODY = YES;
				CLANG_WARN_ENUM_CONVERSION = YES;
				CLANG_WARN_INFINITE_RECURSION = YES;
				CLANG_WARN_INT_CONVERSION = YES;
				CLANG_WARN_NON_LITERAL_NULL_CONVERSION = YES;
				CLANG_WARN_OBJC_IMPLICIT_RETAIN_SELF = YES;
				CLANG_WARN_OBJC_LITERAL_CONVERSION = YES;
				CLANG_WARN_OBJC_ROOT_CLASS = YES_ERROR;
				CLANG_WARN_QUOTED_INCLUDE_IN_FRAMEWORK_HEADER = YES;
				CLANG_WARN_RANGE_LOOP_ANALYSIS = YES;
				CLANG_WARN_STRICT_PROTOTYPES = YES;
				CLANG_WARN_SUSPICIOUS_MOVE = YES;
				CLANG_WARN_UNGUARDED_AVAILABILITY = YES_AGGRESSIVE;
				CLANG_WARN_UNREACHABLE_CODE = YES;
				CLANG_WARN__DUPLICATE_METHOD_MATCH = YES;
				COPY_PHASE_STRIP = NO;
				CURRENT_PROJECT_VERSION = 1;
				DEBUG_INFORMATION_FORMAT = dwarf;
				ENABLE_STRICT_OBJC_MSGSEND = YES;
				ENABLE_TESTABILITY = YES;
				GCC_C_LANGUAGE_STANDARD = gnu11;
				GCC_DYNAMIC_NO_PIC = NO;
				GCC_NO_COMMON_BLOCKS = YES;
				GCC_OPTIMIZATION_LEVEL = 0;
				GCC_PREPROCESSOR_DEFINITIONS = (
					"DEBUG=1",
					"$(inherited)",
				);
				GCC_WARN_64_TO_32_BIT_CONVERSION = YES;
				GCC_WARN_ABOUT_RETURN_TYPE = YES_ERROR;
				GCC_WARN_UNDECLARED_SELECTOR = YES;
				GCC_WARN_UNINITIALIZED_AUTOS = YES_AGGRESSIVE;
				GCC_WARN_UNUSED_FUNCTION = YES;
				GCC_WARN_UNUSED_VARIABLE = YES;
				IPHONEOS_DEPLOYMENT_TARGET = 15.0;
				MTL_ENABLE_DEBUG_INFO = INCLUDE_SOURCE;
				MTL_FAST_MATH = YES;
				ONLY_ACTIVE_ARCH = YES;
				SDKROOT = iphoneos;
				SWIFT_ACTIVE_COMPILATION_CONDITIONS = DEBUG;
				SWIFT_OPTIMIZATION_LEVEL = "-Onone";
				VERSIONING_SYSTEM = "apple-generic";
				VERSION_INFO_PREFIX = "";
			};
			name = Debug;
		};
		464126AA2722DD760094BF9B /* Release */ = {
			isa = XCBuildConfiguration;
			buildSettings = {
				ALWAYS_SEARCH_USER_PATHS = NO;
				CLANG_ANALYZER_NONNULL = YES;
				CLANG_ANALYZER_NUMBER_OBJECT_CONVERSION = YES_AGGRESSIVE;
				CLANG_CXX_LANGUAGE_STANDARD = "gnu++17";
				CLANG_CXX_LIBRARY = "libc++";
				CLANG_ENABLE_MODULES = YES;
				CLANG_ENABLE_OBJC_ARC = YES;
				CLANG_ENABLE_OBJC_WEAK = YES;
				CLANG_WARN_BLOCK_CAPTURE_AUTORELEASING = YES;
				CLANG_WARN_BOOL_CONVERSION = YES;
				CLANG_WARN_COMMA = YES;
				CLANG_WARN_CONSTANT_CONVERSION = YES;
				CLANG_WARN_DEPRECATED_OBJC_IMPLEMENTATIONS = YES;
				CLANG_WARN_DIRECT_OBJC_ISA_USAGE = YES_ERROR;
				CLANG_WARN_DOCUMENTATION_COMMENTS = YES;
				CLANG_WARN_EMPTY_BODY = YES;
				CLANG_WARN_ENUM_CONVERSION = YES;
				CLANG_WARN_INFINITE_RECURSION = YES;
				CLANG_WARN_INT_CONVERSION = YES;
				CLANG_WARN_NON_LITERAL_NULL_CONVERSION = YES;
				CLANG_WARN_OBJC_IMPLICIT_RETAIN_SELF = YES;
				CLANG_WARN_OBJC_LITERAL_CONVERSION = YES;
				CLANG_WARN_OBJC_ROOT_CLASS = YES_ERROR;
				CLANG_WARN_QUOTED_INCLUDE_IN_FRAMEWORK_HEADER = YES;
				CLANG_WARN_RANGE_LOOP_ANALYSIS = YES;
				CLANG_WARN_STRICT_PROTOTYPES = YES;
				CLANG_WARN_SUSPICIOUS_MOVE = YES;
				CLANG_WARN_UNGUARDED_AVAILABILITY = YES_AGGRESSIVE;
				CLANG_WARN_UNREACHABLE_CODE = YES;
				CLANG_WARN__DUPLICATE_METHOD_MATCH = YES;
				COPY_PHASE_STRIP = NO;
				CURRENT_PROJECT_VERSION = 1;
				DEBUG_INFORMATION_FORMAT = "dwarf-with-dsym";
				ENABLE_NS_ASSERTIONS = NO;
				ENABLE_STRICT_OBJC_MSGSEND = YES;
				GCC_C_LANGUAGE_STANDARD = gnu11;
				GCC_NO_COMMON_BLOCKS = YES;
				GCC_WARN_64_TO_32_BIT_CONVERSION = YES;
				GCC_WARN_ABOUT_RETURN_TYPE = YES_ERROR;
				GCC_WARN_UNDECLARED_SELECTOR = YES;
				GCC_WARN_UNINITIALIZED_AUTOS = YES_AGGRESSIVE;
				GCC_WARN_UNUSED_FUNCTION = YES;
				GCC_WARN_UNUSED_VARIABLE = YES;
				IPHONEOS_DEPLOYMENT_TARGET = 15.0;
				MTL_ENABLE_DEBUG_INFO = NO;
				MTL_FAST_MATH = YES;
				SDKROOT = iphoneos;
				SWIFT_COMPILATION_MODE = wholemodule;
				SWIFT_OPTIMIZATION_LEVEL = "-O";
				VALIDATE_PRODUCT = YES;
				VERSIONING_SYSTEM = "apple-generic";
				VERSION_INFO_PREFIX = "";
			};
			name = Release;
		};
		464126AC2722DD760094BF9B /* Debug */ = {
			isa = XCBuildConfiguration;
			buildSettings = {
				CODE_SIGN_STYLE = Automatic;
				CURRENT_PROJECT_VERSION = 1;
				DEFINES_MODULE = YES;
				DEVELOPMENT_TEAM = 5G893F5HW7;
				DYLIB_COMPATIBILITY_VERSION = 1;
				DYLIB_CURRENT_VERSION = 1;
				DYLIB_INSTALL_NAME_BASE = "@rpath";
				FRAMEWORK_SEARCH_PATHS = "$(SRCROOT)/../../multiplatform/umbrella/app/build/xcode-frameworks/$(CONFIGURATION)/$(SDK_NAME)";
				GENERATE_INFOPLIST_FILE = YES;
				INFOPLIST_KEY_NSHumanReadableCopyright = "";
				INSTALL_PATH = "$(LOCAL_LIBRARY_DIR)/Frameworks";
				IPHONEOS_DEPLOYMENT_TARGET = 15.0;
				LD_RUNPATH_SEARCH_PATHS = (
					"$(inherited)",
					"@executable_path/Frameworks",
					"@loader_path/Frameworks",
				);
				MARKETING_VERSION = 1.0;
				OTHER_LDFLAGS = "";
				PRODUCT_BUNDLE_IDENTIFIER = com.gchristov.newsfeed.feed;
				PRODUCT_NAME = "$(TARGET_NAME:c99extidentifier)";
				SKIP_INSTALL = YES;
				SUPPORTS_MACCATALYST = NO;
				SWIFT_EMIT_LOC_STRINGS = YES;
				SWIFT_VERSION = 5.0;
				TARGETED_DEVICE_FAMILY = "1,2";
			};
			name = Debug;
		};
		464126AD2722DD760094BF9B /* Release */ = {
			isa = XCBuildConfiguration;
			buildSettings = {
				CODE_SIGN_STYLE = Automatic;
				CURRENT_PROJECT_VERSION = 1;
				DEFINES_MODULE = YES;
				DEVELOPMENT_TEAM = 5G893F5HW7;
				DYLIB_COMPATIBILITY_VERSION = 1;
				DYLIB_CURRENT_VERSION = 1;
				DYLIB_INSTALL_NAME_BASE = "@rpath";
				FRAMEWORK_SEARCH_PATHS = "$(SRCROOT)/../../multiplatform/umbrella/app/build/xcode-frameworks/$(CONFIGURATION)/$(SDK_NAME)";
				GENERATE_INFOPLIST_FILE = YES;
				INFOPLIST_KEY_NSHumanReadableCopyright = "";
				INSTALL_PATH = "$(LOCAL_LIBRARY_DIR)/Frameworks";
				IPHONEOS_DEPLOYMENT_TARGET = 15.0;
				LD_RUNPATH_SEARCH_PATHS = (
					"$(inherited)",
					"@executable_path/Frameworks",
					"@loader_path/Frameworks",
				);
				MARKETING_VERSION = 1.0;
				OTHER_LDFLAGS = "";
				PRODUCT_BUNDLE_IDENTIFIER = com.gchristov.newsfeed.feed;
				PRODUCT_NAME = "$(TARGET_NAME:c99extidentifier)";
				SKIP_INSTALL = YES;
				SUPPORTS_MACCATALYST = NO;
				SWIFT_EMIT_LOC_STRINGS = YES;
				SWIFT_VERSION = 5.0;
				TARGETED_DEVICE_FAMILY = "1,2";
			};
			name = Release;
		};
		4680F48327A720AE007DA70E /* Debug */ = {
			isa = XCBuildConfiguration;
			buildSettings = {
				ASSETCATALOG_COMPILER_APPICON_NAME = AppIcon;
				ASSETCATALOG_COMPILER_GLOBAL_ACCENT_COLOR_NAME = AccentColor;
				CODE_SIGN_STYLE = Automatic;
				CURRENT_PROJECT_VERSION = 1;
				DEVELOPMENT_ASSET_PATHS = "";
				DEVELOPMENT_TEAM = "";
				ENABLE_PREVIEWS = YES;
				FRAMEWORK_SEARCH_PATHS = "$(SRCROOT)/../../multiplatform/umbrella/app/build/xcode-frameworks/$(CONFIGURATION)/$(SDK_NAME)";
				GENERATE_INFOPLIST_FILE = YES;
				INFOPLIST_KEY_UIApplicationSceneManifest_Generation = YES;
				INFOPLIST_KEY_UIApplicationSupportsIndirectInputEvents = YES;
				INFOPLIST_KEY_UILaunchScreen_Generation = YES;
				INFOPLIST_KEY_UISupportedInterfaceOrientations_iPad = "UIInterfaceOrientationPortrait UIInterfaceOrientationPortraitUpsideDown UIInterfaceOrientationLandscapeLeft UIInterfaceOrientationLandscapeRight";
				INFOPLIST_KEY_UISupportedInterfaceOrientations_iPhone = "UIInterfaceOrientationPortrait UIInterfaceOrientationLandscapeLeft UIInterfaceOrientationLandscapeRight";
				IPHONEOS_DEPLOYMENT_TARGET = 15.0;
				LD_RUNPATH_SEARCH_PATHS = (
					"$(inherited)",
					"@executable_path/Frameworks",
					"$(SRCROOT)/../../multiplatform/umbrella/app/build/xcode-frameworks/$(CONFIGURATION)/$(SDK_NAME)",
				);
				MARKETING_VERSION = 1.0;
				PRODUCT_BUNDLE_IDENTIFIER = com.gchristov.newsfeed.feed.FeedTestHost;
				PRODUCT_NAME = "$(TARGET_NAME)";
				SWIFT_EMIT_LOC_STRINGS = YES;
				SWIFT_VERSION = 5.0;
				TARGETED_DEVICE_FAMILY = "1,2";
			};
			name = Debug;
		};
		4680F48427A720AE007DA70E /* Release */ = {
			isa = XCBuildConfiguration;
			buildSettings = {
				ASSETCATALOG_COMPILER_APPICON_NAME = AppIcon;
				ASSETCATALOG_COMPILER_GLOBAL_ACCENT_COLOR_NAME = AccentColor;
				CODE_SIGN_STYLE = Automatic;
				CURRENT_PROJECT_VERSION = 1;
				DEVELOPMENT_ASSET_PATHS = "";
				DEVELOPMENT_TEAM = "";
				ENABLE_PREVIEWS = YES;
				FRAMEWORK_SEARCH_PATHS = "$(SRCROOT)/../../multiplatform/umbrella/app/build/xcode-frameworks/$(CONFIGURATION)/$(SDK_NAME)";
				GENERATE_INFOPLIST_FILE = YES;
				INFOPLIST_KEY_UIApplicationSceneManifest_Generation = YES;
				INFOPLIST_KEY_UIApplicationSupportsIndirectInputEvents = YES;
				INFOPLIST_KEY_UILaunchScreen_Generation = YES;
				INFOPLIST_KEY_UISupportedInterfaceOrientations_iPad = "UIInterfaceOrientationPortrait UIInterfaceOrientationPortraitUpsideDown UIInterfaceOrientationLandscapeLeft UIInterfaceOrientationLandscapeRight";
				INFOPLIST_KEY_UISupportedInterfaceOrientations_iPhone = "UIInterfaceOrientationPortrait UIInterfaceOrientationLandscapeLeft UIInterfaceOrientationLandscapeRight";
				IPHONEOS_DEPLOYMENT_TARGET = 15.0;
				LD_RUNPATH_SEARCH_PATHS = (
					"$(inherited)",
					"@executable_path/Frameworks",
					"$(SRCROOT)/../../multiplatform/umbrella/app/build/xcode-frameworks/$(CONFIGURATION)/$(SDK_NAME)",
				);
				MARKETING_VERSION = 1.0;
				PRODUCT_BUNDLE_IDENTIFIER = com.gchristov.newsfeed.feed.FeedTestHost;
				PRODUCT_NAME = "$(TARGET_NAME)";
				SWIFT_EMIT_LOC_STRINGS = YES;
				SWIFT_VERSION = 5.0;
				TARGETED_DEVICE_FAMILY = "1,2";
			};
			name = Release;
		};
		4680F49D27A73EFA007DA70E /* Debug */ = {
			isa = XCBuildConfiguration;
			buildSettings = {
				CODE_SIGN_STYLE = Automatic;
				CURRENT_PROJECT_VERSION = 1;
				GENERATE_INFOPLIST_FILE = YES;
				IPHONEOS_DEPLOYMENT_TARGET = 15.0;
				MARKETING_VERSION = 1.0;
				PRODUCT_BUNDLE_IDENTIFIER = com.gchristov.newsfeed.feed.FeedUiTest;
				PRODUCT_NAME = "$(TARGET_NAME)";
				SWIFT_EMIT_LOC_STRINGS = NO;
				SWIFT_VERSION = 5.0;
				TARGETED_DEVICE_FAMILY = "1,2";
				TEST_TARGET_NAME = FeedTestHost;
			};
			name = Debug;
		};
		4680F49E27A73EFA007DA70E /* Release */ = {
			isa = XCBuildConfiguration;
			buildSettings = {
				CODE_SIGN_STYLE = Automatic;
				CURRENT_PROJECT_VERSION = 1;
				GENERATE_INFOPLIST_FILE = YES;
				IPHONEOS_DEPLOYMENT_TARGET = 15.0;
				MARKETING_VERSION = 1.0;
				PRODUCT_BUNDLE_IDENTIFIER = com.gchristov.newsfeed.feed.FeedUiTest;
				PRODUCT_NAME = "$(TARGET_NAME)";
				SWIFT_EMIT_LOC_STRINGS = NO;
				SWIFT_VERSION = 5.0;
				TARGETED_DEVICE_FAMILY = "1,2";
				TEST_TARGET_NAME = FeedTestHost;
			};
			name = Release;
		};
/* End XCBuildConfiguration section */

/* Begin XCConfigurationList section */
		4641269E2722DD760094BF9B /* Build configuration list for PBXProject "feed" */ = {
			isa = XCConfigurationList;
			buildConfigurations = (
				464126A92722DD760094BF9B /* Debug */,
				464126AA2722DD760094BF9B /* Release */,
			);
			defaultConfigurationIsVisible = 0;
			defaultConfigurationName = Release;
		};
		464126AB2722DD760094BF9B /* Build configuration list for PBXNativeTarget "Feed" */ = {
			isa = XCConfigurationList;
			buildConfigurations = (
				464126AC2722DD760094BF9B /* Debug */,
				464126AD2722DD760094BF9B /* Release */,
			);
			defaultConfigurationIsVisible = 0;
			defaultConfigurationName = Release;
		};
		4680F48227A720AE007DA70E /* Build configuration list for PBXNativeTarget "FeedTestHost" */ = {
			isa = XCConfigurationList;
			buildConfigurations = (
				4680F48327A720AE007DA70E /* Debug */,
				4680F48427A720AE007DA70E /* Release */,
			);
			defaultConfigurationIsVisible = 0;
			defaultConfigurationName = Release;
		};
		4680F49C27A73EFA007DA70E /* Build configuration list for PBXNativeTarget "FeedUiTest" */ = {
			isa = XCConfigurationList;
			buildConfigurations = (
				4680F49D27A73EFA007DA70E /* Debug */,
				4680F49E27A73EFA007DA70E /* Release */,
			);
			defaultConfigurationIsVisible = 0;
			defaultConfigurationName = Release;
		};
/* End XCConfigurationList section */

/* Begin XCRemoteSwiftPackageReference section */
		464126B4272301D50094BF9B /* XCRemoteSwiftPackageReference "LetterAvatarKit" */ = {
			isa = XCRemoteSwiftPackageReference;
			repositoryURL = "https://github.com/vpeschenkov/LetterAvatarKit";
			requirement = {
				kind = exactVersion;
				version = 1.2.5;
			};
		};
/* End XCRemoteSwiftPackageReference section */
	};
	rootObject = 4641269B2722DD760094BF9B /* Project object */;
}
